
Microsoft Visual Studio Solution File, Format Version 12.00
# Visual Studio 15
VisualStudioVersion = 15.0.28010.2048
MinimumVisualStudioVersion = 10.0.40219.1
Project("{FAE04EC0-301F-11D3-BF4B-00C04F79EFBC}") = "Steamboat", "steamboat\Steamboat.csproj", "{F8DD8968-1458-4AA6-881E-867992809AA8}"
EndProject
Global
	GlobalSection(SolutionConfigurationPlatforms) = preSolution
		Debug|Any CPU = Debug|Any CPU
		Release|Any CPU = Release|Any CPU
	EndGlobalSection
	GlobalSection(ProjectConfigurationPlatforms) = postSolution
		{F8DD8968-1458-4AA6-881E-867992809AA8}.Debug|Any CPU.ActiveCfg = Debug|Any CPU
		{F8DD8968-1458-4AA6-881E-867992809AA8}.Debug|Any CPU.Build.0 = Debug|Any CPU
		{F8DD8968-1458-4AA6-881E-867992809AA8}.Release|Any CPU.ActiveCfg = Release|Any CPU
		{F8DD8968-1458-4AA6-881E-867992809AA8}.Release|Any CPU.Build.0 = Release|Any CPU
	EndGlobalSection
	GlobalSection(SolutionProperties) = preSolution
		HideSolutionNode = FALSE
	EndGlobalSection
	GlobalSection(ExtensibilityGlobals) = postSolution
		SolutionGuid = {6AFD60BA-E12A-44D9-BA87-8EC692B47DC7}
	EndGlobalSection
EndGlobal
